# This file is automatically @generated by Cargo.
# It is not intended for manual editing.
version = 4

[[package]]
name = "Integral"
version = "0.1.0"
dependencies = [
 "dialoguer",
 "indicatif",
 "peroxide 0.40.2",
 "rayon",
 "rugfield",
]

[[package]]
name = "adler2"
version = "2.0.1"
source = "registry+https://github.com/rust-lang/crates.io-index"
checksum = "320119579fcad9c21884f5c4861d16174d0e06250625266f50fe6898340abefa"

[[package]]
name = "ahash"
version = "0.8.11"
source = "registry+https://github.com/rust-lang/crates.io-index"
checksum = "e89da841a80418a9b391ebaea17f5c112ffaaa96f621d2c285b5174da76b9011"
dependencies = [
 "cfg-if",
 "const-random",
 "getrandom 0.2.15",
 "once_cell",
 "version_check",
 "zerocopy 0.7.35",
]

[[package]]
name = "aho-corasick"
version = "1.1.4"
source = "registry+https://github.com/rust-lang/crates.io-index"
checksum = "ddd31a130427c27518df266943a5308ed92d4b226cc639f5a8f1002816174301"
dependencies = [
 "memchr",
]

[[package]]
name = "alloc-no-stdlib"
version = "2.0.4"
source = "registry+https://github.com/rust-lang/crates.io-index"
checksum = "cc7bb162ec39d46ab1ca8c77bf72e890535becd1751bb45f64c597edb4c8c6b3"

[[package]]
name = "alloc-stdlib"
version = "0.2.2"
source = "registry+https://github.com/rust-lang/crates.io-index"
checksum = "94fb8275041c72129eb51b7d0322c29b8387a0386127718b096429201a5d6ece"
dependencies = [
 "alloc-no-stdlib",
]

[[package]]
name = "android_system_properties"
version = "0.1.5"
source = "registry+https://github.com/rust-lang/crates.io-index"
checksum = "819e7219dbd41043ac279b19830f2efc897156490d7fd6ea916720117ee66311"
dependencies = [
 "libc",
]

[[package]]
name = "anyhow"
version = "1.0.86"
source = "registry+https://github.com/rust-lang/crates.io-index"
checksum = "b3d1d046238990b9cf5bcde22a3fb3584ee5cf65fb2765f454ed428c7a0063da"

[[package]]
name = "arrow"
version = "55.2.0"
source = "registry+https://github.com/rust-lang/crates.io-index"
checksum = "f3f15b4c6b148206ff3a2b35002e08929c2462467b62b9c02036d9c34f9ef994"
dependencies = [
 "arrow-arith",
 "arrow-array",
 "arrow-buffer",
 "arrow-cast",
 "arrow-csv",
 "arrow-data",
 "arrow-ipc",
 "arrow-json",
 "arrow-ord",
 "arrow-row",
 "arrow-schema",
 "arrow-select",
 "arrow-string",
]

[[package]]
name = "arrow-arith"
version = "55.2.0"
source = "registry+https://github.com/rust-lang/crates.io-index"
checksum = "30feb679425110209ae35c3fbf82404a39a4c0436bb3ec36164d8bffed2a4ce4"
dependencies = [
 "arrow-array",
 "arrow-buffer",
 "arrow-data",
 "arrow-schema",
 "chrono",
 "num",
]

[[package]]
name = "arrow-array"
version = "55.2.0"
source = "registry+https://github.com/rust-lang/crates.io-index"
checksum = "70732f04d285d49054a48b72c54f791bb3424abae92d27aafdf776c98af161c8"
dependencies = [
 "ahash",
 "arrow-buffer",
 "arrow-data",
 "arrow-schema",
 "chrono",
 "half",
 "hashbrown 0.15.5",
 "num",
]

[[package]]
name = "arrow-buffer"
version = "55.2.0"
source = "registry+https://github.com/rust-lang/crates.io-index"
checksum = "169b1d5d6cb390dd92ce582b06b23815c7953e9dfaaea75556e89d890d19993d"
dependencies = [
 "bytes",
 "half",
 "num",
]

[[package]]
name = "arrow-cast"
version = "55.2.0"
source = "registry+https://github.com/rust-lang/crates.io-index"
checksum = "e4f12eccc3e1c05a766cafb31f6a60a46c2f8efec9b74c6e0648766d30686af8"
dependencies = [
 "arrow-array",
 "arrow-buffer",
 "arrow-data",
 "arrow-schema",
 "arrow-select",
 "atoi",
 "base64",
 "chrono",
 "half",
 "lexical-core",
 "num",
 "ryu",
]

[[package]]
name = "arrow-csv"
version = "55.2.0"
source = "registry+https://github.com/rust-lang/crates.io-index"
checksum = "012c9fef3f4a11573b2c74aec53712ff9fdae4a95f4ce452d1bbf088ee00f06b"
dependencies = [
 "arrow-array",
 "arrow-cast",
 "arrow-schema",
 "chrono",
 "csv",
 "csv-core",
 "regex",
]

[[package]]
name = "arrow-data"
version = "55.2.0"
source = "registry+https://github.com/rust-lang/crates.io-index"
checksum = "8de1ce212d803199684b658fc4ba55fb2d7e87b213de5af415308d2fee3619c2"
dependencies = [
 "arrow-buffer",
 "arrow-schema",
 "half",
 "num",
]

[[package]]
name = "arrow-ipc"
version = "55.2.0"
source = "registry+https://github.com/rust-lang/crates.io-index"
checksum = "d9ea5967e8b2af39aff5d9de2197df16e305f47f404781d3230b2dc672da5d92"
dependencies = [
 "arrow-array",
 "arrow-buffer",
 "arrow-data",
 "arrow-schema",
 "flatbuffers",
]

[[package]]
name = "arrow-json"
version = "55.2.0"
source = "registry+https://github.com/rust-lang/crates.io-index"
checksum = "5709d974c4ea5be96d900c01576c7c0b99705f4a3eec343648cb1ca863988a9c"
dependencies = [
 "arrow-array",
 "arrow-buffer",
 "arrow-cast",
 "arrow-data",
 "arrow-schema",
 "chrono",
 "half",
 "indexmap 2.13.0",
 "lexical-core",
 "memchr",
 "num",
 "serde",
 "serde_json",
 "simdutf8",
]

[[package]]
name = "arrow-ord"
version = "55.2.0"
source = "registry+https://github.com/rust-lang/crates.io-index"
checksum = "6506e3a059e3be23023f587f79c82ef0bcf6d293587e3272d20f2d30b969b5a7"
dependencies = [
 "arrow-array",
 "arrow-buffer",
 "arrow-data",
 "arrow-schema",
 "arrow-select",
]

[[package]]
name = "arrow-row"
version = "55.2.0"
source = "registry+https://github.com/rust-lang/crates.io-index"
checksum = "52bf7393166beaf79b4bed9bfdf19e97472af32ce5b6b48169d321518a08cae2"
dependencies = [
 "arrow-array",
 "arrow-buffer",
 "arrow-data",
 "arrow-schema",
 "half",
]

[[package]]
name = "arrow-schema"
version = "55.2.0"
source = "registry+https://github.com/rust-lang/crates.io-index"
checksum = "af7686986a3bf2254c9fb130c623cdcb2f8e1f15763e7c71c310f0834da3d292"

[[package]]
name = "arrow-select"
version = "55.2.0"
source = "registry+https://github.com/rust-lang/crates.io-index"
checksum = "dd2b45757d6a2373faa3352d02ff5b54b098f5e21dccebc45a21806bc34501e5"
dependencies = [
 "ahash",
 "arrow-array",
 "arrow-buffer",
 "arrow-data",
 "arrow-schema",
 "num",
]

[[package]]
name = "arrow-string"
version = "55.2.0"
source = "registry+https://github.com/rust-lang/crates.io-index"
checksum = "0377d532850babb4d927a06294314b316e23311503ed580ec6ce6a0158f49d40"
dependencies = [
 "arrow-array",
 "arrow-buffer",
 "arrow-data",
 "arrow-schema",
 "arrow-select",
 "memchr",
 "num",
 "regex",
 "regex-syntax",
]

[[package]]
name = "atoi"
version = "2.0.0"
source = "registry+https://github.com/rust-lang/crates.io-index"
checksum = "f28d99ec8bfea296261ca1af174f24225171fea9664ba9003cbebee704810528"
dependencies = [
 "num-traits",
]

[[package]]
name = "autocfg"
version = "1.3.0"
source = "registry+https://github.com/rust-lang/crates.io-index"
checksum = "0c4b4d0bd25bd0b74681c0ad21497610ce1b7c91b1022cd21c80c6fbdd9476b0"

[[package]]
name = "base64"
version = "0.22.1"
source = "registry+https://github.com/rust-lang/crates.io-index"
checksum = "72b3254f16251a8381aa12e40e3c4d2f0199f8c6508fbecb9d91f575e0fbb8c6"

[[package]]
name = "bitflags"
version = "2.10.0"
source = "registry+https://github.com/rust-lang/crates.io-index"
checksum = "812e12b5285cc515a9c72a5c1d3b6d46a19dac5acfef5265968c166106e31dd3"

[[package]]
name = "brotli"
version = "8.0.2"
source = "registry+https://github.com/rust-lang/crates.io-index"
checksum = "4bd8b9603c7aa97359dbd97ecf258968c95f3adddd6db2f7e7a5bef101c84560"
dependencies = [
 "alloc-no-stdlib",
 "alloc-stdlib",
 "brotli-decompressor",
]

[[package]]
name = "brotli-decompressor"
version = "5.0.0"
source = "registry+https://github.com/rust-lang/crates.io-index"
checksum = "874bb8112abecc98cbd6d81ea4fa7e94fb9449648c93cc89aa40c81c24d7de03"
dependencies = [
 "alloc-no-stdlib",
 "alloc-stdlib",
]

[[package]]
name = "bumpalo"
version = "3.16.0"
source = "registry+https://github.com/rust-lang/crates.io-index"
checksum = "79296716171880943b8470b5f8d03aa55eb2e645a4874bdbb28adb49162e012c"

[[package]]
name = "byteorder"
version = "1.5.0"
source = "registry+https://github.com/rust-lang/crates.io-index"
checksum = "1fd0f2584146f6f2ef48085050886acf353beff7305ebd1ae69500e27c67f64b"

[[package]]
name = "bytes"
version = "1.11.1"
source = "registry+https://github.com/rust-lang/crates.io-index"
checksum = "1e748733b7cbc798e1434b6ac524f0c1ff2ab456fe201501e6497c8417a4fc33"

[[package]]
name = "cc"
version = "1.1.6"
source = "registry+https://github.com/rust-lang/crates.io-index"
checksum = "2aba8f4e9906c7ce3c73463f62a7f0c65183ada1a2d47e397cc8810827f9694f"
dependencies = [
 "jobserver",
 "libc",
]

[[package]]
name = "cfg-if"
version = "1.0.0"
source = "registry+https://github.com/rust-lang/crates.io-index"
checksum = "baf1de4339761588bc0619e3cbc0120ee582ebb74b53b4efbf79117bd2da40fd"

[[package]]
name = "chrono"
version = "0.4.43"
source = "registry+https://github.com/rust-lang/crates.io-index"
checksum = "fac4744fb15ae8337dc853fee7fb3f4e48c0fbaa23d0afe49c447b4fab126118"
dependencies = [
 "iana-time-zone",
 "num-traits",
 "windows-link",
]

[[package]]
name = "console"
version = "0.15.8"
source = "registry+https://github.com/rust-lang/crates.io-index"
checksum = "0e1f83fc076bd6dd27517eacdf25fef6c4dfe5f1d7448bafaaf3a26f13b5e4eb"
dependencies = [
 "encode_unicode",
 "lazy_static",
 "libc",
 "unicode-width",
 "windows-sys",
]

[[package]]
name = "const-random"
version = "0.1.18"
source = "registry+https://github.com/rust-lang/crates.io-index"
checksum = "87e00182fe74b066627d63b85fd550ac2998d4b0bd86bfed477a0ae4c7c71359"
dependencies = [
 "const-random-macro",
]

[[package]]
name = "const-random-macro"
version = "0.1.16"
source = "registry+https://github.com/rust-lang/crates.io-index"
checksum = "f9d839f2a20b0aee515dc581a6172f2321f96cab76c1a38a4c584a194955390e"
dependencies = [
 "getrandom 0.2.15",
 "once_cell",
 "tiny-keccak",
]

[[package]]
name = "core-foundation-sys"
version = "0.8.7"
source = "registry+https://github.com/rust-lang/crates.io-index"
checksum = "773648b94d0e5d620f64f280777445740e61fe701025087ec8b57f45c791888b"

[[package]]
name = "crossbeam-channel"
version = "0.5.13"
source = "registry+https://github.com/rust-lang/crates.io-index"
checksum = "33480d6946193aa8033910124896ca395333cae7e2d1113d1fef6c3272217df2"
dependencies = [
 "crossbeam-utils",
]

[[package]]
name = "crossbeam-deque"
version = "0.8.5"
source = "registry+https://github.com/rust-lang/crates.io-index"
checksum = "613f8cc01fe9cf1a3eb3d7f488fd2fa8388403e97039e2f73692932e291a770d"
dependencies = [
 "crossbeam-epoch",
 "crossbeam-utils",
]

[[package]]
name = "crossbeam-epoch"
version = "0.9.18"
source = "registry+https://github.com/rust-lang/crates.io-index"
checksum = "5b82ac4a3c2ca9c3460964f020e1402edd5753411d7737aa39c3714ad1b5420e"
dependencies = [
 "crossbeam-utils",
]

[[package]]
name = "crossbeam-utils"
version = "0.8.20"
source = "registry+https://github.com/rust-lang/crates.io-index"
checksum = "22ec99545bb0ed0ea7bb9b8e1e9122ea386ff8a48c0922e43f36d45ab09e0e80"

[[package]]
name = "crunchy"
version = "0.2.4"
source = "registry+https://github.com/rust-lang/crates.io-index"
checksum = "460fbee9c2c2f33933d720630a6a0bac33ba7053db5344fac858d4b8952d77d5"

[[package]]
name = "csv"
version = "1.3.0"
source = "registry+https://github.com/rust-lang/crates.io-index"
checksum = "ac574ff4d437a7b5ad237ef331c17ccca63c46479e5b5453eb8e10bb99a759fe"
dependencies = [
 "csv-core",
 "itoa",
 "ryu",
 "serde",
]

[[package]]
name = "csv-core"
version = "0.1.11"
source = "registry+https://github.com/rust-lang/crates.io-index"
checksum = "5efa2b3d7902f4b634a20cae3c9c4e6209dc4779feb6863329607560143efa70"
dependencies = [
 "memchr",
]

[[package]]
name = "dialoguer"
version = "0.11.0"
source = "registry+https://github.com/rust-lang/crates.io-index"
checksum = "658bce805d770f407bc62102fca7c2c64ceef2fbcb2b8bd19d2765ce093980de"
dependencies = [
 "console",
 "shell-words",
 "tempfile",
 "thiserror",
 "zeroize",
]

[[package]]
name = "either"
version = "1.13.0"
source = "registry+https://github.com/rust-lang/crates.io-index"
checksum = "60b1af1c220855b6ceac025d3f6ecdd2b7c4894bfe9cd9bda4fbb4bc7c0d4cf0"

[[package]]
name = "encode_unicode"
version = "0.3.6"
source = "registry+https://github.com/rust-lang/crates.io-index"
checksum = "a357d28ed41a50f9c765dbfe56cbc04a64e53e5fc58ba79fbc34c10ef3df831f"

[[package]]
name = "equivalent"
version = "1.0.2"
source = "registry+https://github.com/rust-lang/crates.io-index"
checksum = "877a4ace8713b0bcf2a4e7eec82529c029f1d0619886d18145fea96c3ffe5c0f"

[[package]]
name = "errno"
version = "0.3.9"
source = "registry+https://github.com/rust-lang/crates.io-index"
checksum = "534c5cf6194dfab3db3242765c03bbe257cf92f22b38f6bc0c58d59108a820ba"
dependencies = [
 "libc",
 "windows-sys",
]

[[package]]
name = "fastrand"
version = "2.1.0"
source = "registry+https://github.com/rust-lang/crates.io-index"
checksum = "9fc0510504f03c51ada170672ac806f1f105a88aa97a5281117e1ddc3368e51a"

[[package]]
name = "flatbuffers"
version = "25.12.19"
source = "registry+https://github.com/rust-lang/crates.io-index"
checksum = "35f6839d7b3b98adde531effaf34f0c2badc6f4735d26fe74709d8e513a96ef3"
dependencies = [
 "bitflags",
 "rustc_version",
]

[[package]]
name = "flate2"
version = "1.1.9"
source = "registry+https://github.com/rust-lang/crates.io-index"
checksum = "843fba2746e448b37e26a819579957415c8cef339bf08564fe8b7ddbd959573c"
dependencies = [
 "miniz_oxide",
 "zlib-rs",
]

[[package]]
name = "getrandom"
version = "0.2.15"
source = "registry+https://github.com/rust-lang/crates.io-index"
checksum = "c4567c8db10ae91089c99af84c68c38da3ec2f087c3f82960bcdbf3656b6f4d7"
dependencies = [
 "cfg-if",
 "libc",
 "wasi",
]

[[package]]
name = "getrandom"
version = "0.3.4"
source = "registry+https://github.com/rust-lang/crates.io-index"
checksum = "899def5c37c4fd7b2664648c28120ecec138e4d395b459e5ca34f9cce2dd77fd"
dependencies = [
 "cfg-if",
 "libc",
 "r-efi",
 "wasip2",
]

[[package]]
name = "half"
version = "2.7.1"
source = "registry+https://github.com/rust-lang/crates.io-index"
checksum = "6ea2d84b969582b4b1864a92dc5d27cd2b77b622a8d79306834f1be5ba20d84b"
dependencies = [
 "cfg-if",
 "crunchy",
 "num-traits",
 "zerocopy 0.8.39",
]

[[package]]
name = "hashbrown"
version = "0.12.3"
source = "registry+https://github.com/rust-lang/crates.io-index"
checksum = "8a9ee70c43aaf417c914396645a0fa852624801b24ebb7ae78fe8272889ac888"

[[package]]
name = "hashbrown"
version = "0.15.5"
source = "registry+https://github.com/rust-lang/crates.io-index"
checksum = "9229cfe53dfd69f0609a49f65461bd93001ea1ef889cd5529dd176593f5338a1"

[[package]]
name = "hashbrown"
version = "0.16.1"
source = "registry+https://github.com/rust-lang/crates.io-index"
checksum = "841d1cc9bed7f9236f321df977030373f4a4163ae1a7dbfe1a51a2c1a51d9100"

[[package]]
name = "hermit-abi"
version = "0.3.9"
source = "registry+https://github.com/rust-lang/crates.io-index"
checksum = "d231dfb89cfffdbc30e7fc41579ed6066ad03abda9e567ccafae602b97ec5024"

[[package]]
name = "iana-time-zone"
version = "0.1.65"
source = "registry+https://github.com/rust-lang/crates.io-index"
checksum = "e31bc9ad994ba00e440a8aa5c9ef0ec67d5cb5e5cb0cc7f8b744a35b389cc470"
dependencies = [
 "android_system_properties",
 "core-foundation-sys",
 "iana-time-zone-haiku",
 "js-sys",
 "log",
 "wasm-bindgen",
 "windows-core",
]

[[package]]
name = "iana-time-zone-haiku"
version = "0.1.2"
source = "registry+https://github.com/rust-lang/crates.io-index"
checksum = "f31827a206f56af32e590ba56d5d2d085f558508192593743f16b2306495269f"
dependencies = [
 "cc",
]

[[package]]
name = "indexmap"
version = "1.9.3"
source = "registry+https://github.com/rust-lang/crates.io-index"
checksum = "bd070e393353796e801d209ad339e89596eb4c8d430d18ede6a1cced8fafbd99"
dependencies = [
 "autocfg",
 "hashbrown 0.12.3",
]

[[package]]
name = "indexmap"
version = "2.13.0"
source = "registry+https://github.com/rust-lang/crates.io-index"
checksum = "7714e70437a7dc3ac8eb7e6f8df75fd8eb422675fc7678aff7364301092b1017"
dependencies = [
 "equivalent",
 "hashbrown 0.16.1",
]

[[package]]
name = "indicatif"
version = "0.17.8"
source = "registry+https://github.com/rust-lang/crates.io-index"
checksum = "763a5a8f45087d6bcea4222e7b72c291a054edf80e4ef6efd2a4979878c7bea3"
dependencies = [
 "console",
 "instant",
 "number_prefix",
 "portable-atomic",
 "rayon",
 "unicode-width",
]

[[package]]
name = "instant"
version = "0.1.13"
source = "registry+https://github.com/rust-lang/crates.io-index"
checksum = "e0242819d153cba4b4b05a5a8f2a7e9bbf97b6055b2a002b395c96b5ff3c0222"
dependencies = [
 "cfg-if",
]

[[package]]
name = "integer-encoding"
version = "3.0.4"
source = "registry+https://github.com/rust-lang/crates.io-index"
checksum = "8bb03732005da905c88227371639bf1ad885cc712789c011c31c5fb3ab3ccf02"

[[package]]
name = "itoa"
version = "1.0.11"
source = "registry+https://github.com/rust-lang/crates.io-index"
checksum = "49f1f14873335454500d59611f1cf4a4b0f786f9ac11f4312a78e4cf2566695b"

[[package]]
name = "jobserver"
version = "0.1.31"
source = "registry+https://github.com/rust-lang/crates.io-index"
checksum = "d2b099aaa34a9751c5bf0878add70444e1ed2dd73f347be99003d4577277de6e"
dependencies = [
 "libc",
]

[[package]]
name = "js-sys"
version = "0.3.69"
source = "registry+https://github.com/rust-lang/crates.io-index"
checksum = "29c15563dc2726973df627357ce0c9ddddbea194836909d655df6a75d2cf296d"
dependencies = [
 "wasm-bindgen",
]

[[package]]
name = "lambert_w"
version = "1.2.34"
source = "registry+https://github.com/rust-lang/crates.io-index"
checksum = "f5f0846ee4f0299ca4c5b9ca06ff55cf88b3430a763bf591474cc734479c9b24"
dependencies = [
 "num-complex",
 "num-traits",
]

[[package]]
name = "lazy_static"
version = "1.5.0"
source = "registry+https://github.com/rust-lang/crates.io-index"
checksum = "bbd2bcb4c963f2ddae06a2efc7e9f3591312473c50c6685e1f298068316e66fe"

[[package]]
name = "lexical-core"
version = "1.0.6"
source = "registry+https://github.com/rust-lang/crates.io-index"
checksum = "7d8d125a277f807e55a77304455eb7b1cb52f2b18c143b60e766c120bd64a594"
dependencies = [
 "lexical-parse-float",
 "lexical-parse-integer",
 "lexical-util",
 "lexical-write-float",
 "lexical-write-integer",
]

[[package]]
name = "lexical-parse-float"
version = "1.0.6"
source = "registry+https://github.com/rust-lang/crates.io-index"
checksum = "52a9f232fbd6f550bc0137dcb5f99ab674071ac2d690ac69704593cb4abbea56"
dependencies = [
 "lexical-parse-integer",
 "lexical-util",
]

[[package]]
name = "lexical-parse-integer"
version = "1.0.6"
source = "registry+https://github.com/rust-lang/crates.io-index"
checksum = "9a7a039f8fb9c19c996cd7b2fcce303c1b2874fe1aca544edc85c4a5f8489b34"
dependencies = [
 "lexical-util",
]

[[package]]
name = "lexical-util"
version = "1.0.7"
source = "registry+https://github.com/rust-lang/crates.io-index"
checksum = "2604dd126bb14f13fb5d1bd6a66155079cb9fa655b37f875b3a742c705dbed17"

[[package]]
name = "lexical-write-float"
version = "1.0.6"
source = "registry+https://github.com/rust-lang/crates.io-index"
checksum = "50c438c87c013188d415fbabbb1dceb44249ab81664efbd31b14ae55dabb6361"
dependencies = [
 "lexical-util",
 "lexical-write-integer",
]

[[package]]
name = "lexical-write-integer"
version = "1.0.6"
source = "registry+https://github.com/rust-lang/crates.io-index"
checksum = "409851a618475d2d5796377cad353802345cba92c867d9fbcde9cf4eac4e14df"
dependencies = [
 "lexical-util",
]

[[package]]
name = "libc"
version = "0.2.155"
source = "registry+https://github.com/rust-lang/crates.io-index"
checksum = "97b3888a4aecf77e811145cadf6eef5901f4782c53886191b2f693f24761847c"

[[package]]
name = "libm"
version = "0.2.8"
source = "registry+https://github.com/rust-lang/crates.io-index"
checksum = "4ec2a862134d2a7d32d7983ddcdd1c4923530833c9f2ea1a44fc5fa473989058"

[[package]]
name = "linux-raw-sys"
version = "0.4.14"
source = "registry+https://github.com/rust-lang/crates.io-index"
checksum = "78b3ae25bc7c8c38cec158d1f2757ee79e9b3740fbc7ccf0e59e4b08d793fa89"

[[package]]
name = "log"
version = "0.4.22"
source = "registry+https://github.com/rust-lang/crates.io-index"
checksum = "a7a70ba024b9dc04c27ea2f0c0548feb474ec5c54bba33a7f72f873a39d07b24"

[[package]]
name = "lz4_flex"
version = "0.11.5"
source = "registry+https://github.com/rust-lang/crates.io-index"
checksum = "08ab2867e3eeeca90e844d1940eab391c9dc5228783db2ed999acbc0a9ed375a"
dependencies = [
 "twox-hash",
]

[[package]]
name = "matrixmultiply"
version = "0.3.8"
source = "registry+https://github.com/rust-lang/crates.io-index"
checksum = "7574c1cf36da4798ab73da5b215bbf444f50718207754cb522201d78d1cd0ff2"
dependencies = [
 "autocfg",
 "num_cpus",
 "once_cell",
 "rawpointer",
 "thread-tree",
]

[[package]]
name = "memchr"
version = "2.7.4"
source = "registry+https://github.com/rust-lang/crates.io-index"
checksum = "78ca9ab1a0babb1e7d5695e3530886289c18cf2f87ec19a575a0abdce112e3a3"

[[package]]
name = "miniz_oxide"
version = "0.8.9"
source = "registry+https://github.com/rust-lang/crates.io-index"
checksum = "1fa76a2c86f704bdb222d66965fb3d63269ce38518b83cb0575fca855ebb6316"
dependencies = [
 "adler2",
 "simd-adler32",
]

[[package]]
name = "num"
version = "0.4.3"
source = "registry+https://github.com/rust-lang/crates.io-index"
checksum = "35bd024e8b2ff75562e5f34e7f4905839deb4b22955ef5e73d2fea1b9813cb23"
dependencies = [
 "num-bigint",
 "num-complex",
 "num-integer",
 "num-iter",
 "num-rational",
 "num-traits",
]

[[package]]
name = "num-bigint"
version = "0.4.6"
source = "registry+https://github.com/rust-lang/crates.io-index"
checksum = "a5e44f723f1133c9deac646763579fdb3ac745e418f2a7af9cd0c431da1f20b9"
dependencies = [
 "num-integer",
 "num-traits",
]

[[package]]
name = "num-complex"
version = "0.4.6"
source = "registry+https://github.com/rust-lang/crates.io-index"
checksum = "73f88a1307638156682bada9d7604135552957b7818057dcef22705b4d509495"
dependencies = [
 "num-traits",
]

[[package]]
name = "num-integer"
version = "0.1.46"
source = "registry+https://github.com/rust-lang/crates.io-index"
checksum = "7969661fd2958a5cb096e56c8e1ad0444ac2bbcd0061bd28660485a44879858f"
dependencies = [
 "num-traits",
]

[[package]]
name = "num-iter"
version = "0.1.45"
source = "registry+https://github.com/rust-lang/crates.io-index"
checksum = "1429034a0490724d0075ebb2bc9e875d6503c3cf69e235a8941aa757d83ef5bf"
dependencies = [
 "autocfg",
 "num-integer",
 "num-traits",
]

[[package]]
name = "num-rational"
version = "0.4.2"
source = "registry+https://github.com/rust-lang/crates.io-index"
checksum = "f83d14da390562dca69fc84082e73e548e1ad308d24accdedd2720017cb37824"
dependencies = [
 "num-bigint",
 "num-integer",
 "num-traits",
]

[[package]]
name = "num-traits"
version = "0.2.19"
source = "registry+https://github.com/rust-lang/crates.io-index"
checksum = "071dfc062690e90b734c0b2273ce72ad0ffa95f0c74596bc250dcfd960262841"
dependencies = [
 "autocfg",
 "libm",
]

[[package]]
name = "num_cpus"
version = "1.16.0"
source = "registry+https://github.com/rust-lang/crates.io-index"
checksum = "4161fcb6d602d4d2081af7c3a45852d875a03dd337a6bfdd6e06407b61342a43"
dependencies = [
 "hermit-abi",
 "libc",
]

[[package]]
name = "number_prefix"
version = "0.4.0"
source = "registry+https://github.com/rust-lang/crates.io-index"
checksum = "830b246a0e5f20af87141b25c173cd1b609bd7779a4617d6ec582abaf90870f3"

[[package]]
name = "once_cell"
version = "1.19.0"
source = "registry+https://github.com/rust-lang/crates.io-index"
checksum = "3fdb12b2476b595f9358c5161aa467c2438859caa136dec86c26fdd2efe17b92"

[[package]]
name = "order-stat"
version = "0.1.3"
source = "registry+https://github.com/rust-lang/crates.io-index"
checksum = "efa535d5117d3661134dbf1719b6f0ffe06f2375843b13935db186cd094105eb"

[[package]]
name = "ordered-float"
version = "2.10.1"
source = "registry+https://github.com/rust-lang/crates.io-index"
checksum = "68f19d67e5a2795c94e73e0bb1cc1a7edeb2e28efd39e2e1c9b7a40c1108b11c"
dependencies = [
 "num-traits",
]

[[package]]
name = "parquet"
version = "55.2.0"
source = "registry+https://github.com/rust-lang/crates.io-index"
checksum = "b17da4150748086bd43352bc77372efa9b6e3dbd06a04831d2a98c041c225cfa"
dependencies = [
 "ahash",
 "arrow-array",
 "arrow-buffer",
 "arrow-cast",
 "arrow-data",
 "arrow-ipc",
 "arrow-schema",
 "arrow-select",
 "base64",
 "brotli",
 "bytes",
 "chrono",
 "flate2",
 "half",
 "hashbrown 0.15.5",
 "lz4_flex",
 "num",
 "num-bigint",
 "paste",
 "seq-macro",
 "simdutf8",
 "snap",
 "thrift",
 "twox-hash",
 "zstd",
]

[[package]]
name = "paste"
version = "1.0.15"
source = "registry+https://github.com/rust-lang/crates.io-index"
checksum = "57c0d7b74b563b49d38dae00a0c37d4d6de9b432382b2892f0574ddcae73fd0a"

[[package]]
name = "peroxide"
version = "0.37.7"
source = "registry+https://github.com/rust-lang/crates.io-index"
checksum = "1a750c02bdc6548cf4ada978d670da80d274f491b514a3760efe88fb9ca1b5dc"
dependencies = [
 "anyhow",
 "matrixmultiply",
 "order-stat",
 "paste",
 "peroxide-ad",
 "peroxide-num",
 "puruspe 0.2.4",
 "rand 0.8.5",
 "rand_distr 0.4.3",
]

[[package]]
name = "peroxide"
version = "0.40.2"
source = "registry+https://github.com/rust-lang/crates.io-index"
checksum = "fd41318328ea4f57e7230e284c09027048e44bdde4e1480b20b6f3c74ccf30f5"
dependencies = [
 "anyhow",
 "arrow",
 "csv",
 "indexmap 1.9.3",
 "matrixmultiply",
 "order-stat",
 "parquet",
 "paste",
 "peroxide-ad",
 "peroxide-num",
 "puruspe 0.4.3",
 "rand 0.9.2",
 "rand_distr 0.5.1",
]

[[package]]
name = "peroxide-ad"
version = "0.3.0"
source = "registry+https://github.com/rust-lang/crates.io-index"
checksum = "f6fba8ff3f40b67996f7c745f699babaa3e57ef5c8178ec999daf7eedc51dc8c"
dependencies = [
 "quote",
 "syn 1.0.109",
]

[[package]]
name = "peroxide-num"
version = "0.1.4"
source = "registry+https://github.com/rust-lang/crates.io-index"
checksum = "e6b17ddf7141892147b48b5d0e2a3ab8ec7fcbaa06f186d01118f7c933a77863"

[[package]]
name = "pkg-config"
version = "0.3.30"
source = "registry+https://github.com/rust-lang/crates.io-index"
checksum = "d231b230927b5e4ad203db57bbcbee2802f6bce620b1e4a9024a07d94e2907ec"

[[package]]
name = "portable-atomic"
version = "1.7.0"
source = "registry+https://github.com/rust-lang/crates.io-index"
checksum = "da544ee218f0d287a911e9c99a39a8c9bc8fcad3cb8db5959940044ecfc67265"

[[package]]
name = "ppv-lite86"
version = "0.2.17"
source = "registry+https://github.com/rust-lang/crates.io-index"
checksum = "5b40af805b3121feab8a3c29f04d8ad262fa8e0561883e7653e024ae4479e6de"

[[package]]
name = "primal-check"
version = "0.3.4"
source = "registry+https://github.com/rust-lang/crates.io-index"
checksum = "dc0d895b311e3af9902528fbb8f928688abbd95872819320517cc24ca6b2bd08"
dependencies = [
 "num-integer",
]

[[package]]
name = "proc-macro2"
version = "1.0.86"
source = "registry+https://github.com/rust-lang/crates.io-index"
checksum = "5e719e8df665df0d1c8fbfd238015744736151d4445ec0836b8e628aae103b77"
dependencies = [
 "unicode-ident",
]

[[package]]
name = "puruspe"
version = "0.2.4"
source = "registry+https://github.com/rust-lang/crates.io-index"
checksum = "06a1eed715f625eaa95fba5e049dcf7bc06fa396d6d2e55015b3764e234dfd3f"

[[package]]
name = "puruspe"
version = "0.4.3"
source = "registry+https://github.com/rust-lang/crates.io-index"
checksum = "d0893368b28f4d37983703c75b345967d4c7184ae3306a6c048c0b711573ae3b"
dependencies = [
 "lambert_w",
 "num-complex",
]

[[package]]
name = "quote"
version = "1.0.44"
source = "registry+https://github.com/rust-lang/crates.io-index"
checksum = "21b2ebcf727b7760c461f091f9f0f539b77b8e87f2fd88131e7f1b433b3cece4"
dependencies = [
 "proc-macro2",
]

[[package]]
name = "r-efi"
version = "5.3.0"
source = "registry+https://github.com/rust-lang/crates.io-index"
checksum = "69cdb34c158ceb288df11e18b4bd39de994f6657d83847bdffdbd7f346754b0f"

[[package]]
name = "rand"
version = "0.8.5"
source = "registry+https://github.com/rust-lang/crates.io-index"
checksum = "34af8d1a0e25924bc5b7c43c079c942339d8f0a8b57c39049bef581b46327404"
dependencies = [
 "libc",
 "rand_chacha 0.3.1",
 "rand_core 0.6.4",
]

[[package]]
name = "rand"
version = "0.9.2"
source = "registry+https://github.com/rust-lang/crates.io-index"
checksum = "6db2770f06117d490610c7488547d543617b21bfa07796d7a12f6f1bd53850d1"
dependencies = [
 "rand_chacha 0.9.0",
 "rand_core 0.9.5",
]

[[package]]
name = "rand_chacha"
version = "0.3.1"
source = "registry+https://github.com/rust-lang/crates.io-index"
checksum = "e6c10a63a0fa32252be49d21e7709d4d4baf8d231c2dbce1eaa8141b9b127d88"
dependencies = [
 "ppv-lite86",
 "rand_core 0.6.4",
]

[[package]]
name = "rand_chacha"
version = "0.9.0"
source = "registry+https://github.com/rust-lang/crates.io-index"
checksum = "d3022b5f1df60f26e1ffddd6c66e8aa15de382ae63b3a0c1bfc0e4d3e3f325cb"
dependencies = [
 "ppv-lite86",
 "rand_core 0.9.5",
]

[[package]]
name = "rand_core"
version = "0.6.4"
source = "registry+https://github.com/rust-lang/crates.io-index"
checksum = "ec0be4795e2f6a28069bec0b5ff3e2ac9bafc99e6a9a7dc3547996c5c816922c"
dependencies = [
 "getrandom 0.2.15",
]

[[package]]
name = "rand_core"
version = "0.9.5"
source = "registry+https://github.com/rust-lang/crates.io-index"
checksum = "76afc826de14238e6e8c374ddcc1fa19e374fd8dd986b0d2af0d02377261d83c"
dependencies = [
 "getrandom 0.3.4",
]

[[package]]
name = "rand_distr"
version = "0.4.3"
source = "registry+https://github.com/rust-lang/crates.io-index"
checksum = "32cb0b9bc82b0a0876c2dd994a7e7a2683d3e7390ca40e6886785ef0c7e3ee31"
dependencies = [
 "num-traits",
 "rand 0.8.5",
]

[[package]]
name = "rand_distr"
version = "0.5.1"
source = "registry+https://github.com/rust-lang/crates.io-index"
checksum = "6a8615d50dcf34fa31f7ab52692afec947c4dd0ab803cc87cb3b0b4570ff7463"
dependencies = [
 "num-traits",
 "rand 0.9.2",
]

[[package]]
name = "rawpointer"
version = "0.2.1"
source = "registry+https://github.com/rust-lang/crates.io-index"
checksum = "60a357793950651c4ed0f3f52338f53b2f809f32d83a07f72909fa13e4c6c1e3"

[[package]]
name = "rayon"
version = "1.10.0"
source = "registry+https://github.com/rust-lang/crates.io-index"
checksum = "b418a60154510ca1a002a752ca9714984e21e4241e804d32555251faf8b78ffa"
dependencies = [
 "either",
 "rayon-core",
]

[[package]]
name = "rayon-core"
version = "1.12.1"
source = "registry+https://github.com/rust-lang/crates.io-index"
checksum = "1465873a3dfdaa8ae7cb14b4383657caab0b3e8a0aa9ae8e04b044854c8dfce2"
dependencies = [
 "crossbeam-deque",
 "crossbeam-utils",
]

[[package]]
name = "regex"
version = "1.12.3"
source = "registry+https://github.com/rust-lang/crates.io-index"
checksum = "e10754a14b9137dd7b1e3e5b0493cc9171fdd105e0ab477f51b72e7f3ac0e276"
dependencies = [
 "aho-corasick",
 "memchr",
 "regex-automata",
 "regex-syntax",
]

[[package]]
name = "regex-automata"
version = "0.4.14"
source = "registry+https://github.com/rust-lang/crates.io-index"
checksum = "6e1dd4122fc1595e8162618945476892eefca7b88c52820e74af6262213cae8f"
dependencies = [
 "aho-corasick",
 "memchr",
 "regex-syntax",
]

[[package]]
name = "regex-syntax"
version = "0.8.9"
source = "registry+https://github.com/rust-lang/crates.io-index"
checksum = "a96887878f22d7bad8a3b6dc5b7440e0ada9a245242924394987b21cf2210a4c"

[[package]]
name = "rugfield"
version = "0.2.2"
source = "registry+https://github.com/rust-lang/crates.io-index"
checksum = "0b0eac35088777ca19e1c879ca9ed642c27d52909da7db17a53a92c2b4419b08"
dependencies = [
 "peroxide 0.37.7",
 "puruspe 0.2.4",
 "rustfft",
]

[[package]]
name = "rustc_version"
version = "0.4.0"
source = "registry+https://github.com/rust-lang/crates.io-index"
checksum = "bfa0f585226d2e68097d4f95d113b15b83a82e819ab25717ec0590d9584ef366"
dependencies = [
 "semver",
]

[[package]]
name = "rustfft"
version = "6.2.0"
source = "registry+https://github.com/rust-lang/crates.io-index"
checksum = "43806561bc506d0c5d160643ad742e3161049ac01027b5e6d7524091fd401d86"
dependencies = [
 "num-complex",
 "num-integer",
 "num-traits",
 "primal-check",
 "strength_reduce",
 "transpose",
 "version_check",
]

[[package]]
name = "rustix"
version = "0.38.34"
source = "registry+https://github.com/rust-lang/crates.io-index"
checksum = "70dc5ec042f7a43c4a73241207cecc9873a06d45debb38b329f8541d85c2730f"
dependencies = [
 "bitflags",
 "errno",
 "libc",
 "linux-raw-sys",
 "windows-sys",
]

[[package]]
name = "ryu"
version = "1.0.18"
source = "registry+https://github.com/rust-lang/crates.io-index"
checksum = "f3cb5ba0dc43242ce17de99c180e96db90b235b8a9fdc9543c96d2209116bd9f"

[[package]]
name = "semver"
version = "1.0.23"
source = "registry+https://github.com/rust-lang/crates.io-index"
checksum = "61697e0a1c7e512e84a621326239844a24d8207b4669b41bc18b32ea5cbf988b"

[[package]]
name = "seq-macro"
version = "0.3.5"
source = "registry+https://github.com/rust-lang/crates.io-index"
checksum = "a3f0bf26fd526d2a95683cd0f87bf103b8539e2ca1ef48ce002d67aad59aa0b4"

[[package]]
name = "serde"
version = "1.0.204"
source = "registry+https://github.com/rust-lang/crates.io-index"
checksum = "bc76f558e0cbb2a839d37354c575f1dc3fdc6546b5be373ba43d95f231bf7c12"
dependencies = [
 "serde_derive",
]

[[package]]
name = "serde_derive"
version = "1.0.204"
source = "registry+https://github.com/rust-lang/crates.io-index"
checksum = "e0cd7e117be63d3c3678776753929474f3b04a43a080c744d6b0ae2a8c28e222"
dependencies = [
 "proc-macro2",
 "quote",
 "syn 2.0.72",
]

[[package]]
name = "serde_json"
version = "1.0.143"
source = "registry+https://github.com/rust-lang/crates.io-index"
checksum = "d401abef1d108fbd9cbaebc3e46611f4b1021f714a0597a71f41ee463f5f4a5a"
dependencies = [
 "itoa",
 "memchr",
 "ryu",
 "serde",
]

[[package]]
name = "shell-words"
version = "1.1.0"
source = "registry+https://github.com/rust-lang/crates.io-index"
checksum = "24188a676b6ae68c3b2cb3a01be17fbf7240ce009799bb56d5b1409051e78fde"

[[package]]
name = "simd-adler32"
version = "0.3.8"
source = "registry+https://github.com/rust-lang/crates.io-index"
checksum = "e320a6c5ad31d271ad523dcf3ad13e2767ad8b1cb8f047f75a8aeaf8da139da2"

[[package]]
name = "simdutf8"
version = "0.1.5"
source = "registry+https://github.com/rust-lang/crates.io-index"
checksum = "e3a9fe34e3e7a50316060351f37187a3f546bce95496156754b601a5fa71b76e"

[[package]]
name = "snap"
version = "1.1.1"
source = "registry+https://github.com/rust-lang/crates.io-index"
checksum = "1b6b67fb9a61334225b5b790716f609cd58395f895b3fe8b328786812a40bc3b"

[[package]]
name = "strength_reduce"
version = "0.2.4"
source = "registry+https://github.com/rust-lang/crates.io-index"
checksum = "fe895eb47f22e2ddd4dabc02bce419d2e643c8e3b585c78158b349195bc24d82"

[[package]]
name = "syn"
version = "1.0.109"
source = "registry+https://github.com/rust-lang/crates.io-index"
checksum = "72b64191b275b66ffe2469e8af2c1cfe3bafa67b529ead792a6d0160888b4237"
dependencies = [
 "proc-macro2",
 "quote",
 "unicode-ident",
]

[[package]]
name = "syn"
version = "2.0.72"
source = "registry+https://github.com/rust-lang/crates.io-index"
checksum = "dc4b9b9bf2add8093d3f2c0204471e951b2285580335de42f9d2534f3ae7a8af"
dependencies = [
 "proc-macro2",
 "quote",
 "unicode-ident",
]

[[package]]
name = "tempfile"
version = "3.10.1"
source = "registry+https://github.com/rust-lang/crates.io-index"
checksum = "85b77fafb263dd9d05cbeac119526425676db3784113aa9295c88498cbf8bff1"
dependencies = [
 "cfg-if",
 "fastrand",
 "rustix",
 "windows-sys",
]

[[package]]
name = "thiserror"
version = "1.0.63"
source = "registry+https://github.com/rust-lang/crates.io-index"
checksum = "c0342370b38b6a11b6cc11d6a805569958d54cfa061a29969c3b5ce2ea405724"
dependencies = [
 "thiserror-impl",
]

[[package]]
name = "thiserror-impl"
version = "1.0.63"
source = "registry+https://github.com/rust-lang/crates.io-index"
checksum = "a4558b58466b9ad7ca0f102865eccc95938dca1a74a856f2b57b6629050da261"
dependencies = [
 "proc-macro2",
 "quote",
 "syn 2.0.72",
]

[[package]]
name = "thread-tree"
version = "0.3.3"
source = "registry+https://github.com/rust-lang/crates.io-index"
checksum = "ffbd370cb847953a25954d9f63e14824a36113f8c72eecf6eccef5dc4b45d630"
dependencies = [
 "crossbeam-channel",
]

[[package]]
name = "thrift"
version = "0.17.0"
source = "registry+https://github.com/rust-lang/crates.io-index"
checksum = "7e54bc85fc7faa8bc175c4bab5b92ba8d9a3ce893d0e9f42cc455c8ab16a9e09"
dependencies = [
 "byteorder",
 "integer-encoding",
 "ordered-float",
]

[[package]]
name = "tiny-keccak"
version = "2.0.2"
source = "registry+https://github.com/rust-lang/crates.io-index"
checksum = "2c9d3793400a45f954c52e73d068316d76b6f4e36977e3fcebb13a2721e80237"
dependencies = [
 "crunchy",
]

[[package]]
name = "transpose"
version = "0.2.3"
source = "registry+https://github.com/rust-lang/crates.io-index"
checksum = "1ad61aed86bc3faea4300c7aee358b4c6d0c8d6ccc36524c96e4c92ccf26e77e"
dependencies = [
 "num-integer",
 "strength_reduce",
]

[[package]]
name = "twox-hash"
version = "2.1.2"
source = "registry+https://github.com/rust-lang/crates.io-index"
checksum = "9ea3136b675547379c4bd395ca6b938e5ad3c3d20fad76e7fe85f9e0d011419c"

[[package]]
name = "unicode-ident"
version = "1.0.12"
source = "registry+https://github.com/rust-lang/crates.io-index"
checksum = "3354b9ac3fae1ff6755cb6db53683adb661634f67557942dea4facebec0fee4b"

[[package]]
name = "unicode-width"
version = "0.1.13"
source = "registry+https://github.com/rust-lang/crates.io-index"
checksum = "0336d538f7abc86d282a4189614dfaa90810dfc2c6f6427eaf88e16311dd225d"

[[package]]
name = "version_check"
version = "0.9.4"
source = "registry+https://github.com/rust-lang/crates.io-index"
checksum = "49874b5167b65d7193b8aba1567f5c7d93d001cafc34600cee003eda787e483f"

[[package]]
name = "wasi"
version = "0.11.0+wasi-snapshot-preview1"
source = "registry+https://github.com/rust-lang/crates.io-index"
checksum = "9c8d87e72b64a3b4db28d11ce29237c246188f4f51057d65a7eab63b7987e423"

[[package]]
name = "wasip2"
version = "1.0.2+wasi-0.2.9"
source = "registry+https://github.com/rust-lang/crates.io-index"
checksum = "9517f9239f02c069db75e65f174b3da828fe5f5b945c4dd26bd25d89c03ebcf5"
dependencies = [
 "wit-bindgen",
]

[[package]]
name = "wasm-bindgen"
version = "0.2.92"
source = "registry+https://github.com/rust-lang/crates.io-index"
checksum = "4be2531df63900aeb2bca0daaaddec08491ee64ceecbee5076636a3b026795a8"
dependencies = [
 "cfg-if",
 "wasm-bindgen-macro",
]

[[package]]
name = "wasm-bindgen-backend"
version = "0.2.92"
source = "registry+https://github.com/rust-lang/crates.io-index"
checksum = "614d787b966d3989fa7bb98a654e369c762374fd3213d212cfc0251257e747da"
dependencies = [
 "bumpalo",
 "log",
 "once_cell",
 "proc-macro2",
 "quote",
 "syn 2.0.72",
 "wasm-bindgen-shared",
]

[[package]]
name = "wasm-bindgen-macro"
version = "0.2.92"
source = "registry+https://github.com/rust-lang/crates.io-index"
checksum = "a1f8823de937b71b9460c0c34e25f3da88250760bec0ebac694b49997550d726"
dependencies = [
 "quote",
 "wasm-bindgen-macro-support",
]

[[package]]
name = "wasm-bindgen-macro-support"
version = "0.2.92"
source = "registry+https://github.com/rust-lang/crates.io-index"
checksum = "e94f17b526d0a461a191c78ea52bbce64071ed5c04c9ffe424dcb38f74171bb7"
dependencies = [
 "proc-macro2",
 "quote",
 "syn 2.0.72",
 "wasm-bindgen-backend",
 "wasm-bindgen-shared",
]

[[package]]
name = "wasm-bindgen-shared"
version = "0.2.92"
source = "registry+https://github.com/rust-lang/crates.io-index"
checksum = "af190c94f2773fdb3729c55b007a722abb5384da03bc0986df4c289bf5567e96"

[[package]]
name = "windows-core"
version = "0.62.2"
source = "registry+https://github.com/rust-lang/crates.io-index"
checksum = "b8e83a14d34d0623b51dce9581199302a221863196a1dde71a7663a4c2be9deb"
dependencies = [
 "windows-implement",
 "windows-interface",
 "windows-link",
 "windows-result",
 "windows-strings",
]

[[package]]
name = "windows-implement"
version = "0.60.2"
source = "registry+https://github.com/rust-lang/crates.io-index"
checksum = "053e2e040ab57b9dc951b72c264860db7eb3b0200ba345b4e4c3b14f67855ddf"
dependencies = [
 "proc-macro2",
 "quote",
 "syn 2.0.72",
]

[[package]]
name = "windows-interface"
version = "0.59.3"
source = "registry+https://github.com/rust-lang/crates.io-index"
checksum = "3f316c4a2570ba26bbec722032c4099d8c8bc095efccdc15688708623367e358"
dependencies = [
 "proc-macro2",
 "quote",
 "syn 2.0.72",
]

[[package]]
name = "windows-link"
version = "0.2.1"
source = "registry+https://github.com/rust-lang/crates.io-index"
checksum = "f0805222e57f7521d6a62e36fa9163bc891acd422f971defe97d64e70d0a4fe5"

[[package]]
name = "windows-result"
version = "0.4.1"
source = "registry+https://github.com/rust-lang/crates.io-index"
checksum = "7781fa89eaf60850ac3d2da7af8e5242a5ea78d1a11c49bf2910bb5a73853eb5"
dependencies = [
 "windows-link",
]

[[package]]
name = "windows-strings"
version = "0.5.1"
source = "registry+https://github.com/rust-lang/crates.io-index"
checksum = "7837d08f69c77cf6b07689544538e017c1bfcf57e34b4c0ff58e6c2cd3b37091"
dependencies = [
 "windows-link",
]

[[package]]
name = "windows-sys"
version = "0.52.0"
source = "registry+https://github.com/rust-lang/crates.io-index"
checksum = "282be5f36a8ce781fad8c8ae18fa3f9beff57ec1b52cb3de0789201425d9a33d"
dependencies = [
 "windows-targets",
]

[[package]]
name = "windows-targets"
version = "0.52.6"
source = "registry+https://github.com/rust-lang/crates.io-index"
checksum = "9b724f72796e036ab90c1021d4780d4d3d648aca59e491e6b98e725b84e99973"
dependencies = [
 "windows_aarch64_gnullvm",
 "windows_aarch64_msvc",
 "windows_i686_gnu",
 "windows_i686_gnullvm",
 "windows_i686_msvc",
 "windows_x86_64_gnu",
 "windows_x86_64_gnullvm",
 "windows_x86_64_msvc",
]

[[package]]
name = "windows_aarch64_gnullvm"
version = "0.52.6"
source = "registry+https://github.com/rust-lang/crates.io-index"
checksum = "32a4622180e7a0ec044bb555404c800bc9fd9ec262ec147edd5989ccd0c02cd3"

[[package]]
name = "windows_aarch64_msvc"
version = "0.52.6"
source = "registry+https://github.com/rust-lang/crates.io-index"
checksum = "09ec2a7bb152e2252b53fa7803150007879548bc709c039df7627cabbd05d469"

[[package]]
name = "windows_i686_gnu"
version = "0.52.6"
source = "registry+https://github.com/rust-lang/crates.io-index"
checksum = "8e9b5ad5ab802e97eb8e295ac6720e509ee4c243f69d781394014ebfe8bbfa0b"

[[package]]
name = "windows_i686_gnullvm"
version = "0.52.6"
source = "registry+https://github.com/rust-lang/crates.io-index"
checksum = "0eee52d38c090b3caa76c563b86c3a4bd71ef1a819287c19d586d7334ae8ed66"

[[package]]
name = "windows_i686_msvc"
version = "0.52.6"
source = "registry+https://github.com/rust-lang/crates.io-index"
checksum = "240948bc05c5e7c6dabba28bf89d89ffce3e303022809e73deaefe4f6ec56c66"

[[package]]
name = "windows_x86_64_gnu"
version = "0.52.6"
source = "registry+https://github.com/rust-lang/crates.io-index"
checksum = "147a5c80aabfbf0c7d901cb5895d1de30ef2907eb21fbbab29ca94c5b08b1a78"

[[package]]
name = "windows_x86_64_gnullvm"
version = "0.52.6"
source = "registry+https://github.com/rust-lang/crates.io-index"
checksum = "24d5b23dc417412679681396f2b49f3de8c1473deb516bd34410872eff51ed0d"

[[package]]
name = "windows_x86_64_msvc"
version = "0.52.6"
source = "registry+https://github.com/rust-lang/crates.io-index"
checksum = "589f6da84c646204747d1270a2a5661ea66ed1cced2631d546fdfb155959f9ec"

[[package]]
name = "wit-bindgen"
version = "0.51.0"
source = "registry+https://github.com/rust-lang/crates.io-index"
checksum = "d7249219f66ced02969388cf2bb044a09756a083d0fab1e566056b04d9fbcaa5"

[[package]]
name = "zerocopy"
version = "0.7.35"
source = "registry+https://github.com/rust-lang/crates.io-index"
checksum = "1b9b4fd18abc82b8136838da5d50bae7bdea537c574d8dc1a34ed098d6c166f0"
dependencies = [
 "zerocopy-derive 0.7.35",
]

[[package]]
name = "zerocopy"
version = "0.8.39"
source = "registry+https://github.com/rust-lang/crates.io-index"
checksum = "db6d35d663eadb6c932438e763b262fe1a70987f9ae936e60158176d710cae4a"
dependencies = [
 "zerocopy-derive 0.8.39",
]

[[package]]
name = "zerocopy-derive"
version = "0.7.35"
source = "registry+https://github.com/rust-lang/crates.io-index"
checksum = "fa4f8080344d4671fb4e831a13ad1e68092748387dfc4f55e356242fae12ce3e"
dependencies = [
 "proc-macro2",
 "quote",
 "syn 2.0.72",
]

[[package]]
name = "zerocopy-derive"
version = "0.8.39"
source = "registry+https://github.com/rust-lang/crates.io-index"
checksum = "4122cd3169e94605190e77839c9a40d40ed048d305bfdc146e7df40ab0f3e517"
dependencies = [
 "proc-macro2",
 "quote",
 "syn 2.0.72",
]

[[package]]
name = "zeroize"
version = "1.8.1"
source = "registry+https://github.com/rust-lang/crates.io-index"
checksum = "ced3678a2879b30306d323f4542626697a464a97c0a07c9aebf7ebca65cd4dde"

[[package]]
name = "zlib-rs"
version = "0.6.0"
source = "registry+https://github.com/rust-lang/crates.io-index"
checksum = "a7948af682ccbc3342b6e9420e8c51c1fe5d7bf7756002b4a3c6cabfe96a7e3c"

[[package]]
name = "zstd"
version = "0.13.3"
source = "registry+https://github.com/rust-lang/crates.io-index"
checksum = "e91ee311a569c327171651566e07972200e76fcfe2242a4fa446149a3881c08a"
dependencies = [
 "zstd-safe",
]

[[package]]
name = "zstd-safe"
version = "7.2.4"
source = "registry+https://github.com/rust-lang/crates.io-index"
checksum = "8f49c4d5f0abb602a93fb8736af2a4f4dd9512e36f7f570d66e65ff867ed3b9d"
dependencies = [
 "zstd-sys",
]

[[package]]
name = "zstd-sys"
version = "2.0.16+zstd.1.5.7"
source = "registry+https://github.com/rust-lang/crates.io-index"
checksum = "91e19ebc2adc8f83e43039e79776e3fda8ca919132d68a1fed6a5faca2683748"
dependencies = [
 "cc",
 "pkg-config",
]
